
Microsoft Visual Studio Solution File, Format Version 12.00
# Visual Studio Version 16
VisualStudioVersion = 16.0.30128.36
MinimumVisualStudioVersion = 10.0.40219.1
Project("{FAE04EC0-301F-11D3-BF4B-00C04F79EFBC}") = "DesignPatterns", "DesignPatterns\DesignPatterns.csproj", "{32C6D4A5-9322-4EA3-AAE5-F8A22A29E231}"
EndProject
Global
	GlobalSection(SolutionConfigurationPlatforms) = preSolution
		Debug|Any CPU = Debug|Any CPU
		Release|Any CPU = Release|Any CPU
	EndGlobalSection
	GlobalSection(ProjectConfigurationPlatforms) = postSolution
		{32C6D4A5-9322-4EA3-AAE5-F8A22A29E231}.Debug|Any CPU.ActiveCfg = Debug|Any CPU
		{32C6D4A5-9322-4EA3-AAE5-F8A22A29E231}.Debug|Any CPU.Build.0 = Debug|Any CPU
		{32C6D4A5-9322-4EA3-AAE5-F8A22A29E231}.Release|Any CPU.ActiveCfg = Release|Any CPU
		{32C6D4A5-9322-4EA3-AAE5-F8A22A29E231}.Release|Any CPU.Build.0 = Release|Any CPU
	EndGlobalSection
	GlobalSection(SolutionProperties) = preSolution
		HideSolutionNode = FALSE
	EndGlobalSection
	GlobalSection(ExtensibilityGlobals) = postSolution
		SolutionGuid = {99213A5A-E8A3-4DAA-ABD4-837E56B6E3C6}
	EndGlobalSection
EndGlobal
